{
  "pins" : [
    {
      "identity" : "uiuniversals",
      "kind" : "remoteSourceControl",
      "location" : "https://github.com/Brian-Masse/UIUniversals",
      "state" : {
        "revision" : "f418c89ee4a4ec62c950f8b5962090039dd6f4eb",
        "version" : "1.0.4"
      }
    }
  ],
  "version" : 2
}
